
Microsoft Visual Studio Solution File, Format Version 12.00
# Visual Studio Version 17
VisualStudioVersion = 17.12.35527.113 d17.12
MinimumVisualStudioVersion = 10.0.40219.1
Project("{FAE04EC0-301F-11D3-BF4B-00C04F79EFBC}") = "Assignment_MVC", "Assignment_MVC\Assignment_MVC.csproj", "{ECF155B0-DB20-49C7-9D24-998BC9C1B814}"
EndProject
Project("{FAE04EC0-301F-11D3-BF4B-00C04F79EFBC}") = "Assignment_MVC5", "Assignment_MVC5\Assignment_MVC5.csproj", "{A2010444-EF2F-4795-9ADB-81AD8CCDD9F0}"
EndProject
Global
	GlobalSection(SolutionConfigurationPlatforms) = preSolution
		Debug|Any CPU = Debug|Any CPU
		Release|Any CPU = Release|Any CPU
	EndGlobalSection
	GlobalSection(ProjectConfigurationPlatforms) = postSolution
		{ECF155B0-DB20-49C7-9D24-998BC9C1B814}.Debug|Any CPU.ActiveCfg = Debug|Any CPU
		{ECF155B0-DB20-49C7-9D24-998BC9C1B814}.Debug|Any CPU.Build.0 = Debug|Any CPU
		{ECF155B0-DB20-49C7-9D24-998BC9C1B814}.Release|Any CPU.ActiveCfg = Release|Any CPU
		{ECF155B0-DB20-49C7-9D24-998BC9C1B814}.Release|Any CPU.Build.0 = Release|Any CPU
		{A2010444-EF2F-4795-9ADB-81AD8CCDD9F0}.Debug|Any CPU.ActiveCfg = Debug|Any CPU
		{A2010444-EF2F-4795-9ADB-81AD8CCDD9F0}.Debug|Any CPU.Build.0 = Debug|Any CPU
		{A2010444-EF2F-4795-9ADB-81AD8CCDD9F0}.Release|Any CPU.ActiveCfg = Release|Any CPU
		{A2010444-EF2F-4795-9ADB-81AD8CCDD9F0}.Release|Any CPU.Build.0 = Release|Any CPU
	EndGlobalSection
	GlobalSection(SolutionProperties) = preSolution
		HideSolutionNode = FALSE
	EndGlobalSection
EndGlobal
